Microsoft Visual Studio Solution File, Format Version 12.00
# Visual Studio Version 17
VisualStudioVersion = 17.5.2.0
MinimumVisualStudioVersion = 10.0.40219.1
Project("{FAE04EC0-301F-11D3-BF4B-00C04F79EFBC}") = "31", "31.csproj", "{FA4E861E-B881-1330-62B1-9EE932BE732F}"
EndProject
Global
	GlobalSection(SolutionConfigurationPlatforms) = preSolution
		Debug|Any CPU = Debug|Any CPU
		Release|Any CPU = Release|Any CPU
	EndGlobalSection
	GlobalSection(ProjectConfigurationPlatforms) = postSolution
		{FA4E861E-B881-1330-62B1-9EE932BE732F}.Debug|Any CPU.ActiveCfg = Debug|Any CPU
		{FA4E861E-B881-1330-62B1-9EE932BE732F}.Debug|Any CPU.Build.0 = Debug|Any CPU
		{FA4E861E-B881-1330-62B1-9EE932BE732F}.Release|Any CPU.ActiveCfg = Release|Any CPU
		{FA4E861E-B881-1330-62B1-9EE932BE732F}.Release|Any CPU.Build.0 = Release|Any CPU
	EndGlobalSection
	GlobalSection(SolutionProperties) = preSolution
		HideSolutionNode = FALSE
	EndGlobalSection
	GlobalSection(ExtensibilityGlobals) = postSolution
		SolutionGuid = {DC73FB89-F72F-43D6-9781-C4E1C6B0F58F}
	EndGlobalSection
EndGlobal
